DEPENDENCIES
  berkshelf
    path: .
    metadata: true

GRAPH
  apt (2.3.8)
  berkshelf (0.3.1)
    nginx (>= 1.7.0)
    rbenv (>= 1.5.0)
    runit (>= 0.0.0)
  bluepill (2.3.1)
    rsyslog (>= 0.0.0)
  build-essential (2.0.0)
  chef_handler (1.1.5)
  dmg (2.2.0)
  git (4.0.0)
    build-essential (>= 0.0.0)
    dmg (>= 0.0.0)
    runit (>= 1.0.0)
    windows (>= 0.0.0)
    yum (~> 3.0)
    yum-epel (>= 0.0.0)
  nginx (2.5.0)
    apt (~> 2.2)
    bluepill (~> 2.3)
    build-essential (~> 2.0)
    ohai (~> 1.1)
    runit (~> 1.2)
    yum-epel (~> 0.3)
  ohai (1.1.12)
  rbenv (1.7.1)
    apt (>= 0.0.0)
    build-essential (>= 0.0.0)
    git (>= 0.0.0)
    ohai (>= 1.1)
  rsyslog (1.12.2)
  runit (1.5.10)
    build-essential (>= 0.0.0)
    yum (~> 3.0)
    yum-epel (>= 0.0.0)
  windows (1.30.2)
    chef_handler (>= 0.0.0)
  yum (3.1.6)
  yum-epel (0.3.4)
    yum (~> 3.0)
